Microsoft Visual Studio Solution File, Format Version 12.00
# Visual Studio Version 17
VisualStudioVersion = 17.5.2.0
MinimumVisualStudioVersion = 10.0.40219.1
Project("{FAE04EC0-301F-11D3-BF4B-00C04F79EFBC}") = "HawkSocial", "HawkSocial.csproj", "{80DCBD4B-9D4E-54C9-F05F-70579535F2B5}"
EndProject
Global
	GlobalSection(SolutionConfigurationPlatforms) = preSolution
		Debug|Any CPU = Debug|Any CPU
		Release|Any CPU = Release|Any CPU
	EndGlobalSection
	GlobalSection(ProjectConfigurationPlatforms) = postSolution
		{80DCBD4B-9D4E-54C9-F05F-70579535F2B5}.Debug|Any CPU.ActiveCfg = Debug|Any CPU
		{80DCBD4B-9D4E-54C9-F05F-70579535F2B5}.Debug|Any CPU.Build.0 = Debug|Any CPU
		{80DCBD4B-9D4E-54C9-F05F-70579535F2B5}.Release|Any CPU.ActiveCfg = Release|Any CPU
		{80DCBD4B-9D4E-54C9-F05F-70579535F2B5}.Release|Any CPU.Build.0 = Release|Any CPU
	EndGlobalSection
	GlobalSection(SolutionProperties) = preSolution
		HideSolutionNode = FALSE
	EndGlobalSection
	GlobalSection(ExtensibilityGlobals) = postSolution
		SolutionGuid = {965A60E2-A1BF-4F8B-82C0-C8A70050ECC0}
	EndGlobalSection
EndGlobal
